// !$*UTF8*$!
{
	archiveVersion = 1;
	classes = {
	};
	objectVersion = 56;
	objects = {

/* Begin PBXContainerItemProxy section */
		AB8000000000000000000001 /* PBXContainerItemProxy */ = {
			isa = PBXContainerItemProxy;
			containerPortal = AA5000000000000000000001 /* Project object */;
			proxyType = 1;
			remoteGlobalIDString = AA4000000000000000000001;
			remoteInfo = ShellGame;
		};
/* End PBXContainerItemProxy section */

/* Begin PBXTargetDependency section */
		AB8000000000000000000002 /* PBXTargetDependency */ = {
			isa = PBXTargetDependency;
			target = AA4000000000000000000001 /* ShellGame */;
			targetProxy = AB8000000000000000000001 /* PBXContainerItemProxy */;
		};
/* End PBXTargetDependency section */

/* Begin PBXBuildFile section */
		AA2000000000000000000001 /* ShellGameApp.swift in Sources */ = {isa = PBXBuildFile; fileRef = AA1000000000000000000001 /* ShellGameApp.swift */; };
		AA2000000000000000000002 /* ContentView.swift in Sources */ = {isa = PBXBuildFile; fileRef = AA1000000000000000000002 /* ContentView.swift */; };
		AA2000000000000000000003 /* GameView.swift in Sources */ = {isa = PBXBuildFile; fileRef = AA1000000000000000000003 /* GameView.swift */; };
		AA2000000000000000000004 /* GameScene.swift in Sources */ = {isa = PBXBuildFile; fileRef = AA1000000000000000000004 /* GameScene.swift */; };
		AA2000000000000000000005 /* GameState.swift in Sources */ = {isa = PBXBuildFile; fileRef = AA1000000000000000000005 /* GameState.swift */; };
		AA2000000000000000000006 /* Assets.xcassets in Resources */ = {isa = PBXBuildFile; fileRef = AA1000000000000000000006 /* Assets.xcassets */; };
		AA2000000000000000000007 /* SpriteKit.framework in Frameworks */ = {isa = PBXBuildFile; fileRef = AA1000000000000000000008 /* SpriteKit.framework */; };
		AA2000000000000000000008 /* SoundManager.swift in Sources */ = {isa = PBXBuildFile; fileRef = AA1000000000000000000009 /* SoundManager.swift */; };
		AA2000000000000000000009 /* MatchState.swift in Sources */ = {isa = PBXBuildFile; fileRef = AA1000000000000000000010 /* MatchState.swift */; };
		AA2000000000000000000010 /* GameCenterMatchManager.swift in Sources */ = {isa = PBXBuildFile; fileRef = AA1000000000000000000011 /* GameCenterMatchManager.swift */; };
		AA2000000000000000000011 /* CompetitionView.swift in Sources */ = {isa = PBXBuildFile; fileRef = AA1000000000000000000012 /* CompetitionView.swift */; };
		AA2000000000000000000012 /* SplashView.swift in Sources */ = {isa = PBXBuildFile; fileRef = AA1000000000000000000013 /* SplashView.swift */; };
		AA2000000000000000000013 /* ScoreStore.swift in Sources */ = {isa = PBXBuildFile; fileRef = AA1000000000000000000014 /* ScoreStore.swift */; };
		AA2000000000000000000014 /* ScoreboardView.swift in Sources */ = {isa = PBXBuildFile; fileRef = AA1000000000000000000015 /* ScoreboardView.swift */; };
		AA2000000000000000000015 /* ModesView.swift in Sources */ = {isa = PBXBuildFile; fileRef = AA1000000000000000000016 /* ModesView.swift */; };
		AA2000000000000000000016 /* GauntletView.swift in Sources */ = {isa = PBXBuildFile; fileRef = AA1000000000000000000017 /* GauntletView.swift */; };
		AA2000000000000000000017 /* DailyChallengeView.swift in Sources */ = {isa = PBXBuildFile; fileRef = AA1000000000000000000018 /* DailyChallengeView.swift */; };
		AA2000000000000000000018 /* iCloudSyncManager.swift in Sources */ = {isa = PBXBuildFile; fileRef = AA1000000000000000000019 /* iCloudSyncManager.swift */; };
		AA2000000000000000000019 /* iCloudConflictView.swift in Sources */ = {isa = PBXBuildFile; fileRef = AA100000000000000000001A /* iCloudConflictView.swift */; };
		AA200000000000000000001A /* SupabaseConfig.swift in Sources */ = {isa = PBXBuildFile; fileRef = AA100000000000000000001C /* SupabaseConfig.swift */; };
		AA200000000000000000001B /* ScoreSubmissionService.swift in Sources */ = {isa = PBXBuildFile; fileRef = AA100000000000000000001D /* ScoreSubmissionService.swift */; };
		AA200000000000000000001C /* PlayerNameEntryView.swift in Sources */ = {isa = PBXBuildFile; fileRef = AA100000000000000000001E /* PlayerNameEntryView.swift */; };
		AA200000000000000000001D /* LeaderboardView.swift in Sources */ = {isa = PBXBuildFile; fileRef = AA100000000000000000001F /* LeaderboardView.swift */; };
		AB2000000000000000000001 /* GameStateTests.swift in Sources */ = {isa = PBXBuildFile; fileRef = AB1000000000000000000001 /* GameStateTests.swift */; };
		AA2000000000000000000020 /* StreakManager.swift in Sources */ = {isa = PBXBuildFile; fileRef = AA1000000000000000000020 /* StreakManager.swift */; };
/* End PBXBuildFile section */

/* Begin PBXFileReference section */
		AA1000000000000000000001 /* ShellGameApp.swift */ = {isa = PBXFileReference; lastKnownFileType = sourcecode.swift; path = ShellGameApp.swift; sourceTree = "<group>"; };
		AA1000000000000000000002 /* ContentView.swift */ = {isa = PBXFileReference; lastKnownFileType = sourcecode.swift; path = ContentView.swift; sourceTree = "<group>"; };
		AA1000000000000000000003 /* GameView.swift */ = {isa = PBXFileReference; lastKnownFileType = sourcecode.swift; path = GameView.swift; sourceTree = "<group>"; };
		AA1000000000000000000004 /* GameScene.swift */ = {isa = PBXFileReference; lastKnownFileType = sourcecode.swift; path = GameScene.swift; sourceTree = "<group>"; };
		AA1000000000000000000005 /* GameState.swift */ = {isa = PBXFileReference; lastKnownFileType = sourcecode.swift; path = GameState.swift; sourceTree = "<group>"; };
		AA1000000000000000000006 /* Assets.xcassets */ = {isa = PBXFileReference; lastKnownFileType = folder.assetcatalog; path = Assets.xcassets; sourceTree = "<group>"; };
		AA1000000000000000000007 /* ShellGame.app */ = {isa = PBXFileReference; explicitFileType = wrapper.application; includeInIndex = 0; path = ShellGame.app; sourceTree = BUILT_PRODUCTS_DIR; };
		AA1000000000000000000008 /* SpriteKit.framework */ = {isa = PBXFileReference; lastKnownFileType = wrapper.framework; name = SpriteKit.framework; path = System/Library/Frameworks/SpriteKit.framework; sourceTree = SDKROOT; };
		AA1000000000000000000009 /* SoundManager.swift */ = {isa = PBXFileReference; lastKnownFileType = sourcecode.swift; path = SoundManager.swift; sourceTree = "<group>"; };
		AA1000000000000000000010 /* MatchState.swift */ = {isa = PBXFileReference; lastKnownFileType = sourcecode.swift; path = MatchState.swift; sourceTree = "<group>"; };
		AA1000000000000000000011 /* GameCenterMatchManager.swift */ = {isa = PBXFileReference; lastKnownFileType = sourcecode.swift; path = GameCenterMatchManager.swift; sourceTree = "<group>"; };
		AA1000000000000000000012 /* CompetitionView.swift */ = {isa = PBXFileReference; lastKnownFileType = sourcecode.swift; path = CompetitionView.swift; sourceTree = "<group>"; };
		AA1000000000000000000013 /* SplashView.swift */ = {isa = PBXFileReference; lastKnownFileType = sourcecode.swift; path = SplashView.swift; sourceTree = "<group>"; };
		AA1000000000000000000014 /* ScoreStore.swift */ = {isa = PBXFileReference; lastKnownFileType = sourcecode.swift; path = ScoreStore.swift; sourceTree = "<group>"; };
		AA1000000000000000000015 /* ScoreboardView.swift */ = {isa = PBXFileReference; lastKnownFileType = sourcecode.swift; path = ScoreboardView.swift; sourceTree = "<group>"; };
		AA1000000000000000000016 /* ModesView.swift */ = {isa = PBXFileReference; lastKnownFileType = sourcecode.swift; path = ModesView.swift; sourceTree = "<group>"; };
		AA1000000000000000000017 /* GauntletView.swift */ = {isa = PBXFileReference; lastKnownFileType = sourcecode.swift; path = GauntletView.swift; sourceTree = "<group>"; };
		AA1000000000000000000018 /* DailyChallengeView.swift */ = {isa = PBXFileReference; lastKnownFileType = sourcecode.swift; path = DailyChallengeView.swift; sourceTree = "<group>"; };
		AA1000000000000000000019 /* iCloudSyncManager.swift */ = {isa = PBXFileReference; lastKnownFileType = sourcecode.swift; path = iCloudSyncManager.swift; sourceTree = "<group>"; };
		AA100000000000000000001A /* iCloudConflictView.swift */ = {isa = PBXFileReference; lastKnownFileType = sourcecode.swift; path = iCloudConflictView.swift; sourceTree = "<group>"; };
		AA100000000000000000001B /* ShellGame.entitlements */ = {isa = PBXFileReference; lastKnownFileType = text.plist.entitlements; path = ShellGame.entitlements; sourceTree = "<group>"; };
		AA100000000000000000001C /* SupabaseConfig.swift */ = {isa = PBXFileReference; lastKnownFileType = sourcecode.swift; path = SupabaseConfig.swift; sourceTree = "<group>"; };
		AA100000000000000000001D /* ScoreSubmissionService.swift */ = {isa = PBXFileReference; lastKnownFileType = sourcecode.swift; path = ScoreSubmissionService.swift; sourceTree = "<group>"; };
		AA100000000000000000001E /* PlayerNameEntryView.swift */ = {isa = PBXFileReference; lastKnownFileType = sourcecode.swift; path = PlayerNameEntryView.swift; sourceTree = "<group>"; };
		AA100000000000000000001F /* LeaderboardView.swift */ = {isa = PBXFileReference; lastKnownFileType = sourcecode.swift; path = LeaderboardView.swift; sourceTree = "<group>"; };
		AB1000000000000000000001 /* GameStateTests.swift */ = {isa = PBXFileReference; lastKnownFileType = sourcecode.swift; path = GameStateTests.swift; sourceTree = "<group>"; };
		AB1000000000000000000002 /* ShellGameTests.xctest */ = {isa = PBXFileReference; explicitFileType = wrapper.cfbundle; includeInIndex = 0; path = ShellGameTests.xctest; sourceTree = BUILT_PRODUCTS_DIR; };
		AA1000000000000000000020 /* StreakManager.swift */ = {isa = PBXFileReference; lastKnownFileType = sourcecode.swift; path = StreakManager.swift; sourceTree = "<group>"; };
/* End PBXFileReference section */

/* Begin PBXFrameworksBuildPhase section */
		AA6000000000000000000002 /* Frameworks */ = {
			isa = PBXFrameworksBuildPhase;
			buildActionMask = 2147483647;
			files = (
				AA2000000000000000000007 /* SpriteKit.framework in Frameworks */,
			);
			runOnlyForDeploymentPostprocessing = 0;
		};
		AB6000000000000000000002 /* Frameworks */ = {
			isa = PBXFrameworksBuildPhase;
			buildActionMask = 2147483647;
			files = (
			);
			runOnlyForDeploymentPostprocessing = 0;
		};
/* End PBXFrameworksBuildPhase section */

/* Begin PBXGroup section */
		AA3000000000000000000001 /* ShellGame */ = {
			isa = PBXGroup;
			children = (
				AA1000000000000000000001 /* ShellGameApp.swift */,
				AA1000000000000000000002 /* ContentView.swift */,
				AA1000000000000000000003 /* GameView.swift */,
				AA1000000000000000000004 /* GameScene.swift */,
				AA1000000000000000000005 /* GameState.swift */,
				AA100000000000000000001C /* SupabaseConfig.swift */,
				AA100000000000000000001D /* ScoreSubmissionService.swift */,
				AA100000000000000000001E /* PlayerNameEntryView.swift */,
				AA100000000000000000001F /* LeaderboardView.swift */,
				AA1000000000000000000009 /* SoundManager.swift */,
				AA1000000000000000000010 /* MatchState.swift */,
				AA1000000000000000000011 /* GameCenterMatchManager.swift */,
				AA1000000000000000000012 /* CompetitionView.swift */,
				AA1000000000000000000013 /* SplashView.swift */,
				AA1000000000000000000014 /* ScoreStore.swift */,
				AA1000000000000000000015 /* ScoreboardView.swift */,
				AA1000000000000000000016 /* ModesView.swift */,
				AA1000000000000000000017 /* GauntletView.swift */,
				AA1000000000000000000018 /* DailyChallengeView.swift */,
				AA1000000000000000000019 /* iCloudSyncManager.swift */,
				AA100000000000000000001A /* iCloudConflictView.swift */,
				AA1000000000000000000020 /* StreakManager.swift */,
				AA100000000000000000001B /* ShellGame.entitlements */,
				AA1000000000000000000006 /* Assets.xcassets */,
				AB3000000000000000000001 /* ShellGameTests */,
				AA3000000000000000000002 /* Products */,
				AA3000000000000000000003 /* Frameworks */,
			);
			path = ShellGame;
			sourceTree = "<group>";
		};
		AA3000000000000000000002 /* Products */ = {
			isa = PBXGroup;
			children = (
				AA1000000000000000000007 /* ShellGame.app */,
				AB1000000000000000000002 /* ShellGameTests.xctest */,
			);
			name = Products;
			sourceTree = "<group>";
		};
		AA3000000000000000000003 /* Frameworks */ = {
			isa = PBXGroup;
			children = (
				AA1000000000000000000008 /* SpriteKit.framework */,
			);
			name = Frameworks;
			sourceTree = "<group>";
		};
		AB3000000000000000000001 /* ShellGameTests */ = {
			isa = PBXGroup;
			children = (
				AB1000000000000000000001 /* GameStateTests.swift */,
			);
			name = ShellGameTests;
			sourceTree = "<group>";
		};
/* End PBXGroup section */

/* Begin PBXNativeTarget section */
		AA4000000000000000000001 /* ShellGame */ = {
			isa = PBXNativeTarget;
			buildConfigurationList = AA7000000000000000000006 /* Build configuration list for PBXNativeTarget "ShellGame" */;
			buildPhases = (
				AA6000000000000000000001 /* Sources */,
				AA6000000000000000000002 /* Frameworks */,
				AA6000000000000000000003 /* Resources */,
			);
			buildRules = (
			);
			dependencies = (
			);
			name = ShellGame;
			productName = ShellGame;
			productReference = AA1000000000000000000007 /* ShellGame.app */;
			productType = "com.apple.product-type.application";
		};
		AB4000000000000000000001 /* ShellGameTests */ = {
			isa = PBXNativeTarget;
			buildConfigurationList = AB7000000000000000000003 /* Build configuration list for PBXNativeTarget "ShellGameTests" */;
			buildPhases = (
				AB6000000000000000000001 /* Sources */,
				AB6000000000000000000002 /* Frameworks */,
			);
			buildRules = (
			);
			dependencies = (
				AB8000000000000000000002 /* PBXTargetDependency */,
			);
			name = ShellGameTests;
			productName = ShellGameTests;
			productReference = AB1000000000000000000002 /* ShellGameTests.xctest */;
			productType = "com.apple.product-type.bundle.unit-test";
		};
/* End PBXNativeTarget section */

/* Begin PBXProject section */
		AA5000000000000000000001 /* Project object */ = {
			isa = PBXProject;
			attributes = {
				BuildIndependentTargetsInParallel = 1;
				LastSwiftUpdateCheck = 1500;
				LastUpgradeCheck = 1500;
				TargetAttributes = {
					AA4000000000000000000001 = {
						CreatedOnToolsVersion = 15.0;
					};
					AB4000000000000000000001 = {
						CreatedOnToolsVersion = 15.0;
						TestTargetID = AA4000000000000000000001;
					};
				};
			};
			buildConfigurationList = AA7000000000000000000005 /* Build configuration list for PBXProject "ShellGame" */;
			compatibilityVersion = "Xcode 14.0";
			developmentRegion = en;
			hasScannedForEncodings = 0;
			knownRegions = (
				en,
				Base,
			);
			mainGroup = AA3000000000000000000001;
			productRefGroup = AA3000000000000000000002 /* Products */;
			projectDirPath = "";
			projectRoot = "";
			targets = (
				AA4000000000000000000001 /* ShellGame */,
				AB4000000000000000000001 /* ShellGameTests */,
			);
		};
/* End PBXProject section */

/* Begin PBXResourcesBuildPhase section */
		AA6000000000000000000003 /* Resources */ = {
			isa = PBXResourcesBuildPhase;
			buildActionMask = 2147483647;
			files = (
				AA2000000000000000000006 /* Assets.xcassets in Resources */,
			);
			runOnlyForDeploymentPostprocessing = 0;
		};
/* End PBXResourcesBuildPhase section */

/* Begin PBXSourcesBuildPhase section */
		AA6000000000000000000001 /* Sources */ = {
			isa = PBXSourcesBuildPhase;
			buildActionMask = 2147483647;
			files = (
				AA2000000000000000000001 /* ShellGameApp.swift in Sources */,
				AA2000000000000000000002 /* ContentView.swift in Sources */,
				AA2000000000000000000003 /* GameView.swift in Sources */,
				AA2000000000000000000004 /* GameScene.swift in Sources */,
				AA2000000000000000000005 /* GameState.swift in Sources */,
				AA200000000000000000001A /* SupabaseConfig.swift in Sources */,
				AA200000000000000000001B /* ScoreSubmissionService.swift in Sources */,
				AA200000000000000000001C /* PlayerNameEntryView.swift in Sources */,
				AA200000000000000000001D /* LeaderboardView.swift in Sources */,
				AA2000000000000000000008 /* SoundManager.swift in Sources */,
				AA2000000000000000000009 /* MatchState.swift in Sources */,
				AA2000000000000000000010 /* GameCenterMatchManager.swift in Sources */,
				AA2000000000000000000011 /* CompetitionView.swift in Sources */,
				AA2000000000000000000012 /* SplashView.swift in Sources */,
				AA2000000000000000000013 /* ScoreStore.swift in Sources */,
				AA2000000000000000000014 /* ScoreboardView.swift in Sources */,
				AA2000000000000000000015 /* ModesView.swift in Sources */,
				AA2000000000000000000016 /* GauntletView.swift in Sources */,
				AA2000000000000000000017 /* DailyChallengeView.swift in Sources */,
				AA2000000000000000000018 /* iCloudSyncManager.swift in Sources */,
				AA2000000000000000000019 /* iCloudConflictView.swift in Sources */,
				AA2000000000000000000020 /* StreakManager.swift in Sources */,
			);
			runOnlyForDeploymentPostprocessing = 0;
		};
		AB6000000000000000000001 /* Sources */ = {
			isa = PBXSourcesBuildPhase;
			buildActionMask = 2147483647;
			files = (
				AB2000000000000000000001 /* GameStateTests.swift in Sources */,
			);
			runOnlyForDeploymentPostprocessing = 0;
		};
/* End PBXSourcesBuildPhase section */

/* Begin XCBuildConfiguration section */
		AA7000000000000000000001 /* Debug */ = {
			isa = XCBuildConfiguration;
			buildSettings = {
				ALWAYS_SEARCH_USER_PATHS = NO;
				CLANG_ANALYZER_NONNULL = YES;
				CLANG_ANALYZER_NUMBER_OBJECT_CONVERSION = YES_AGGRESSIVE;
				CLANG_CXX_LANGUAGE_STANDARD = "gnu++20";
				CLANG_ENABLE_MODULES = YES;
				CLANG_ENABLE_OBJC_ARC = YES;
				CLANG_ENABLE_OBJC_WEAK = YES;
				CLANG_WARN_BLOCK_CAPTURE_AUTORELEASING = YES;
				CLANG_WARN_BOOL_CONVERSION = YES;
				CLANG_WARN_COMMA = YES;
				CLANG_WARN_CONSTANT_CONVERSION = YES;
				CLANG_WARN_DEPRECATED_OBJC_IMPLEMENTATIONS = YES;
				CLANG_WARN_DIRECT_OBJC_ISA_USAGE = YES_ERROR;
				CLANG_WARN_DOCUMENTATION_COMMENTS = YES;
				CLANG_WARN_EMPTY_BODY = YES;
				CLANG_WARN_ENUM_CONVERSION = YES;
				CLANG_WARN_INFINITE_RECURSION = YES;
				CLANG_WARN_INT_CONVERSION = YES;
				CLANG_WARN_NON_LITERAL_NULL_CONVERSION = YES;
				CLANG_WARN_OBJC_IMPLICIT_RETAIN_SELF = YES;
				CLANG_WARN_OBJC_LITERAL_CONVERSION = YES;
				CLANG_WARN_OBJC_ROOT_CLASS = YES_ERROR;
				CLANG_WARN_QUOTED_INCLUDE_IN_FRAMEWORK_HEADER = YES;
				CLANG_WARN_RANGE_LOOP_ANALYSIS = YES;
				CLANG_WARN_STRICT_PROTOTYPES = YES;
				CLANG_WARN_SUSPICIOUS_MOVE = YES;
				CLANG_WARN_UNGUARDED_AVAILABILITY = YES_AGGRESSIVE;
				CLANG_WARN_UNREACHABLE_CODE = YES;
				CLANG_WARN__DUPLICATE_METHOD_MATCH = YES;
				COPY_PHASE_STRIP = NO;
				DEBUG_INFORMATION_FORMAT = dwarf;
				ENABLE_STRICT_OBJC_MSGSEND = YES;
				ENABLE_TESTABILITY = YES;
				ENABLE_USER_SCRIPT_SANDBOXING = YES;
				GCC_C_LANGUAGE_STANDARD = gnu17;
				GCC_DYNAMIC_NO_PIC = NO;
				GCC_NO_COMMON_BLOCKS = YES;
				GCC_OPTIMIZATION_LEVEL = 0;
				GCC_PREPROCESSOR_DEFINITIONS = (
					"DEBUG=1",
					"$(inherited)",
				);
				GCC_WARN_64_TO_32_BIT_CONVERSION = YES;
				GCC_WARN_ABOUT_RETURN_TYPE = YES_ERROR;
				GCC_WARN_UNDECLARED_SELECTOR = YES;
				GCC_WARN_UNINITIALIZED_AUTOS = YES_AGGRESSIVE;
				GCC_WARN_UNUSED_FUNCTION = YES;
				GCC_WARN_UNUSED_VARIABLE = YES;
				IPHONEOS_DEPLOYMENT_TARGET = 16.0;
				MTL_ENABLE_DEBUG_INFO = INCLUDE_SOURCE;
				MTL_FAST_MATH = YES;
				ONLY_ACTIVE_ARCH = YES;
				SDKROOT = iphoneos;
				SWIFT_ACTIVE_COMPILATION_CONDITIONS = DEBUG;
				SWIFT_OPTIMIZATION_LEVEL = "-Onone";
			};
			name = Debug;
		};
		AA7000000000000000000002 /* Release */ = {
			isa = XCBuildConfiguration;
			buildSettings = {
				ALWAYS_SEARCH_USER_PATHS = NO;
				CLANG_ANALYZER_NONNULL = YES;
				CLANG_ANALYZER_NUMBER_OBJECT_CONVERSION = YES_AGGRESSIVE;
				CLANG_CXX_LANGUAGE_STANDARD = "gnu++20";
				CLANG_ENABLE_MODULES = YES;
				CLANG_ENABLE_OBJC_ARC = YES;
				CLANG_ENABLE_OBJC_WEAK = YES;
				CLANG_WARN_BLOCK_CAPTURE_AUTORELEASING = YES;
				CLANG_WARN_BOOL_CONVERSION = YES;
				CLANG_WARN_COMMA = YES;
				CLANG_WARN_CONSTANT_CONVERSION = YES;
				CLANG_WARN_DEPRECATED_OBJC_IMPLEMENTATIONS = YES;
				CLANG_WARN_DIRECT_OBJC_ISA_USAGE = YES_ERROR;
				CLANG_WARN_DOCUMENTATION_COMMENTS = YES;
				CLANG_WARN_EMPTY_BODY = YES;
				CLANG_WARN_ENUM_CONVERSION = YES;
				CLANG_WARN_INFINITE_RECURSION = YES;
				CLANG_WARN_INT_CONVERSION = YES;
				CLANG_WARN_NON_LITERAL_NULL_CONVERSION = YES;
				CLANG_WARN_OBJC_IMPLICIT_RETAIN_SELF = YES;
				CLANG_WARN_OBJC_LITERAL_CONVERSION = YES;
				CLANG_WARN_OBJC_ROOT_CLASS = YES_ERROR;
				CLANG_WARN_QUOTED_INCLUDE_IN_FRAMEWORK_HEADER = YES;
				CLANG_WARN_RANGE_LOOP_ANALYSIS = YES;
				CLANG_WARN_STRICT_PROTOTYPES = YES;
				CLANG_WARN_SUSPICIOUS_MOVE = YES;
				CLANG_WARN_UNGUARDED_AVAILABILITY = YES_AGGRESSIVE;
				CLANG_WARN_UNREACHABLE_CODE = YES;
				CLANG_WARN__DUPLICATE_METHOD_MATCH = YES;
				COPY_PHASE_STRIP = NO;
				DEBUG_INFORMATION_FORMAT = "dwarf-with-dsym";
				ENABLE_NS_ASSERTIONS = NO;
				ENABLE_STRICT_OBJC_MSGSEND = YES;
				ENABLE_USER_SCRIPT_SANDBOXING = YES;
				GCC_C_LANGUAGE_STANDARD = gnu17;
				GCC_NO_COMMON_BLOCKS = YES;
				GCC_WARN_64_TO_32_BIT_CONVERSION = YES;
				GCC_WARN_ABOUT_RETURN_TYPE = YES_ERROR;
				GCC_WARN_UNDECLARED_SELECTOR = YES;
				GCC_WARN_UNINITIALIZED_AUTOS = YES_AGGRESSIVE;
				GCC_WARN_UNUSED_FUNCTION = YES;
				GCC_WARN_UNUSED_VARIABLE = YES;
				IPHONEOS_DEPLOYMENT_TARGET = 16.0;
				MTL_FAST_MATH = YES;
				SDKROOT = iphoneos;
				SWIFT_COMPILATION_MODE = wholemodule;
				SWIFT_OPTIMIZATION_LEVEL = "-O";
				VALIDATE_PRODUCT = YES;
			};
			name = Release;
		};
		AA7000000000000000000003 /* Debug */ = {
			isa = XCBuildConfiguration;
			buildSettings = {
				ASSETCATALOG_COMPILER_APPICON_NAME = AppIcon;
				ASSETCATALOG_COMPILER_GLOBAL_ACCENT_COLOR_NAME = AccentColor;
				CODE_SIGN_ENTITLEMENTS = ShellGame/ShellGame.entitlements;
				CODE_SIGN_STYLE = Automatic;
				CURRENT_PROJECT_VERSION = 12;
				DEVELOPMENT_TEAM = 5LQWKL72G9;
				GENERATE_INFOPLIST_FILE = YES;
				INFOPLIST_KEY_UIApplicationSceneManifest_Generation = YES;
				INFOPLIST_KEY_UIApplicationSupportsIndirectInputEvents = YES;
				INFOPLIST_KEY_NSUserTrackingUsageDescription = "We use this to show you relevant ads and keep the game free.";
				INFOPLIST_KEY_UILaunchScreen_Generation = YES;
				INFOPLIST_KEY_UISupportedInterfaceOrientations_iPhone = UIInterfaceOrientationPortrait;
				LD_RUNPATH_SEARCH_PATHS = (
					"$(inherited)",
					"@executable_path/Frameworks",
				);
				MARKETING_VERSION = 1.0;
				PRODUCT_BUNDLE_IDENTIFIER = com.shellgame.magiccup;
				PRODUCT_NAME = "$(TARGET_NAME)";
				SWIFT_EMIT_LOC_STRINGS = YES;
				SWIFT_VERSION = 5.0;
				TARGETED_DEVICE_FAMILY = 1;
			};
			name = Debug;
		};
		AA7000000000000000000004 /* Release */ = {
			isa = XCBuildConfiguration;
			buildSettings = {
				ASSETCATALOG_COMPILER_APPICON_NAME = AppIcon;
				ASSETCATALOG_COMPILER_GLOBAL_ACCENT_COLOR_NAME = AccentColor;
				CODE_SIGN_ENTITLEMENTS = ShellGame/ShellGame.entitlements;
				CODE_SIGN_STYLE = Automatic;
				CURRENT_PROJECT_VERSION = 12;
				DEVELOPMENT_TEAM = 5LQWKL72G9;
				GENERATE_INFOPLIST_FILE = YES;
				INFOPLIST_KEY_UIApplicationSceneManifest_Generation = YES;
				INFOPLIST_KEY_UIApplicationSupportsIndirectInputEvents = YES;
				INFOPLIST_KEY_NSUserTrackingUsageDescription = "We use this to show you relevant ads and keep the game free.";
				INFOPLIST_KEY_UILaunchScreen_Generation = YES;
				INFOPLIST_KEY_UISupportedInterfaceOrientations_iPhone = UIInterfaceOrientationPortrait;
				LD_RUNPATH_SEARCH_PATHS = (
					"$(inherited)",
					"@executable_path/Frameworks",
				);
				MARKETING_VERSION = 1.0;
				PRODUCT_BUNDLE_IDENTIFIER = com.shellgame.magiccup;
				PRODUCT_NAME = "$(TARGET_NAME)";
				SWIFT_EMIT_LOC_STRINGS = YES;
				SWIFT_VERSION = 5.0;
				TARGETED_DEVICE_FAMILY = 1;
			};
			name = Release;
		};
		AB7000000000000000000001 /* Debug */ = {
			isa = XCBuildConfiguration;
			buildSettings = {
				BUNDLE_LOADER = "$(TEST_HOST)";
				CODE_SIGN_STYLE = Automatic;
				CURRENT_PROJECT_VERSION = 12;
				GENERATE_INFOPLIST_FILE = YES;
				IPHONEOS_DEPLOYMENT_TARGET = 16.0;
				MARKETING_VERSION = 1.0;
				PRODUCT_BUNDLE_IDENTIFIER = "com.shellgame.magiccup.tests";
				PRODUCT_NAME = "$(TARGET_NAME)";
				SDKROOT = iphoneos;
				SWIFT_OPTIMIZATION_LEVEL = "-Onone";
				SWIFT_VERSION = 5.0;
				TARGETED_DEVICE_FAMILY = 1;
				TEST_HOST = "$(BUILT_PRODUCTS_DIR)/ShellGame.app/$(BUNDLE_EXECUTABLE_FOLDER_PATH)/ShellGame";
			};
			name = Debug;
		};
		AB7000000000000000000002 /* Release */ = {
			isa = XCBuildConfiguration;
			buildSettings = {
				BUNDLE_LOADER = "$(TEST_HOST)";
				CODE_SIGN_STYLE = Automatic;
				CURRENT_PROJECT_VERSION = 12;
				GENERATE_INFOPLIST_FILE = YES;
				IPHONEOS_DEPLOYMENT_TARGET = 16.0;
				MARKETING_VERSION = 1.0;
				PRODUCT_BUNDLE_IDENTIFIER = "com.shellgame.magiccup.tests";
				PRODUCT_NAME = "$(TARGET_NAME)";
				SDKROOT = iphoneos;
				SWIFT_COMPILATION_MODE = wholemodule;
				SWIFT_OPTIMIZATION_LEVEL = "-O";
				SWIFT_VERSION = 5.0;
				TARGETED_DEVICE_FAMILY = 1;
				TEST_HOST = "$(BUILT_PRODUCTS_DIR)/ShellGame.app/$(BUNDLE_EXECUTABLE_FOLDER_PATH)/ShellGame";
				VALIDATE_PRODUCT = YES;
			};
			name = Release;
		};
/* End XCBuildConfiguration section */

/* Begin XCConfigurationList section */
		AA7000000000000000000005 /* Build configuration list for PBXProject "ShellGame" */ = {
			isa = XCConfigurationList;
			buildConfigurations = (
				AA7000000000000000000001 /* Debug */,
				AA7000000000000000000002 /* Release */,
			);
			defaultConfigurationIsVisible = 0;
			defaultConfigurationName = Release;
		};
		AA7000000000000000000006 /* Build configuration list for PBXNativeTarget "ShellGame" */ = {
			isa = XCConfigurationList;
			buildConfigurations = (
				AA7000000000000000000003 /* Debug */,
				AA7000000000000000000004 /* Release */,
			);
			defaultConfigurationIsVisible = 0;
			defaultConfigurationName = Release;
		};
		AB7000000000000000000003 /* Build configuration list for PBXNativeTarget "ShellGameTests" */ = {
			isa = XCConfigurationList;
			buildConfigurations = (
				AB7000000000000000000001 /* Debug */,
				AB7000000000000000000002 /* Release */,
			);
			defaultConfigurationIsVisible = 0;
			defaultConfigurationName = Release;
		};
/* End XCConfigurationList section */
	};
	rootObject = AA5000000000000000000001 /* Project object */;
}
